
Microsoft Visual Studio Solution File, Format Version 12.00
# Visual Studio Version 18
VisualStudioVersion = 18.0.11205.157
MinimumVisualStudioVersion = 10.0.40219.1
Project("{2150E333-8FDC-42A3-9474-1A3956D46DE8}") = "Solution Items", "Solution Items", "{8EC462FD-D22E-90A8-E5CE-7E832BA40C5D}"
	ProjectSection(SolutionItems) = preProject
		Directory.Build.props = Directory.Build.props
		Directory.Packages.props = Directory.Packages.props
		README.md = README.md
		sabatex-publish-solution.json = sabatex-publish-solution.json
	EndProjectSection
EndProject
Project("{FAE04EC0-301F-11D3-BF4B-00C04F79EFBC}") = "Sabatex.Core", "src\Sabatex.Core\Sabatex.Core.csproj", "{5D7044CF-3DEE-0EAC-3BEB-7013DB460D19}"
EndProject
Project("{FAE04EC0-301F-11D3-BF4B-00C04F79EFBC}") = "Sabatex.Core.Tests", "tests\Sabatex.Core.Tests\Sabatex.Core.Tests.csproj", "{9F9C46A7-1404-FEEA-2D83-C44B8F59653C}"
EndProject
Project("{2150E333-8FDC-42A3-9474-1A3956D46DE8}") = "tests", "tests", "{0D340A53-D8AA-46CF-B301-6451CD474049}"
EndProject
Project("{FAE04EC0-301F-11D3-BF4B-00C04F79EFBC}") = "Sabatex.ObjectExchange.Core", "src\Sabatex.ObjectExchange.Core\Sabatex.ObjectExchange.Core.csproj", "{FC722EE1-F65D-1F4F-54A0-B5A005E3BDC1}"
EndProject
Project("{2150E333-8FDC-42A3-9474-1A3956D46DE8}") = "src", "src", "{827E0CD3-B72D-47B6-A68D-7590B98EB39B}"
EndProject
Project("{FAE04EC0-301F-11D3-BF4B-00C04F79EFBC}") = "Sabatex.ObjectExchange.Models", "src\Sabatex.ObjectExchange.Models\Sabatex.ObjectExchange.Models.csproj", "{994CC13E-8C34-4A08-8AC8-FC5451902CA2}"
EndProject
Project("{FAE04EC0-301F-11D3-BF4B-00C04F79EFBC}") = "Sabatex.ObjectsExchange.ApiAdapter", "src\Sabatex.ObjectsExchange.ApiAdapter\Sabatex.ObjectsExchange.ApiAdapter.csproj", "{3B1F0D3A-F00F-41C6-941E-70623D54A975}"
EndProject
Project("{FAE04EC0-301F-11D3-BF4B-00C04F79EFBC}") = "Sabatex.ObjectsExchange.ApiAdapter.Framework", "src\Sabatex.ObjectsExchange.ApiAdapter.Framework\Sabatex.ObjectsExchange.ApiAdapter.Framework.csproj", "{E81A8023-932A-4516-A4A7-8D17DF8B8E18}"
EndProject
Project("{FAE04EC0-301F-11D3-BF4B-00C04F79EFBC}") = "Sabatex.ObjectExchange.ClientDataAdapter", "src\Sabatex.ObjectExchange.ClientDataAdapter\Sabatex.ObjectExchange.ClientDataAdapter.csproj", "{0D173045-4CCC-48A8-A4D9-270F9C131BC8}"
EndProject
Project("{FAE04EC0-301F-11D3-BF4B-00C04F79EFBC}") = "Sabatex.ObjectExchange.ClientDataAdapter.Memory", "src\Sabatex.ObjectExchange.ClientDataAdapter.Memory\Sabatex.ObjectExchange.ClientDataAdapter.Memory.csproj", "{28DB29B8-9A8E-4638-AC0F-6A9783ED009B}"
EndProject
Project("{FAE04EC0-301F-11D3-BF4B-00C04F79EFBC}") = "Sabatex.ObjectsExchange.HttpClientConnector", "src\Sabatex.ObjectsExchange.HttpClientConnector\Sabatex.ObjectsExchange.HttpClientConnector.csproj", "{D5B96D09-3CF0-4761-90F6-80806D8EE582}"
EndProject
Project("{FAE04EC0-301F-11D3-BF4B-00C04F79EFBC}") = "Sabatex.ObjectsExchange.Tests", "tests\Sabatex.ObjectsExchange.Tests\Sabatex.ObjectsExchange.Tests.csproj", "{FB9DA578-81BF-49A4-B2C8-4E172D743D38}"
EndProject
Project("{FAE04EC0-301F-11D3-BF4B-00C04F79EFBC}") = "Sabatex.RadzenBlazor", "src\Sabatex.RadzenBlazor\Sabatex.RadzenBlazor.csproj", "{0E66A026-7ED6-4D44-B64C-6D186A639292}"
EndProject
Project("{FAE04EC0-301F-11D3-BF4B-00C04F79EFBC}") = "Sabatex.RadzenBlazor.Server", "src\Sabatex.RadzenBlazor.Server\Sabatex.RadzenBlazor.Server.csproj", "{D18AB727-83B9-4354-8BD9-2C6F2E773B5D}"
EndProject
Project("{2150E333-8FDC-42A3-9474-1A3956D46DE8}") = "demo", "demo", "{A39C23D2-F2C0-258D-165A-CF1E7FEE6E7B}"
EndProject
Project("{FAE04EC0-301F-11D3-BF4B-00C04F79EFBC}") = "SabatexBlazorDemo", "demo\SabatexBlazorDemo\SabatexBlazorDemo.csproj", "{C579C5F2-8400-4842-96CE-80B2929A343A}"
EndProject
Project("{FAE04EC0-301F-11D3-BF4B-00C04F79EFBC}") = "SabatexBlazorDemo.WASMApp", "demo\SabatexBlazorDemo.WASMApp\SabatexBlazorDemo.WASMApp.csproj", "{F9A802CA-9527-4BF8-BE39-780E3BC0A826}"
EndProject
Project("{FAE04EC0-301F-11D3-BF4B-00C04F79EFBC}") = "SabatexBlazorDemo.WASMClientA", "demo\SabatexBlazorDemo.WASMClientA\SabatexBlazorDemo.WASMClientA.csproj", "{841A8529-81EB-44CD-9252-4F877F47D638}"
EndProject
Project("{FAE04EC0-301F-11D3-BF4B-00C04F79EFBC}") = "SabatexBlazorDemo.Shared", "demo\SabatexBlazorDemo.Shared\SabatexBlazorDemo.Shared.csproj", "{C8809210-42DA-4DB1-AC59-2E5B306DFA2D}"
EndProject
Project("{FAE04EC0-301F-11D3-BF4B-00C04F79EFBC}") = "SabatexBlazorDemo.WASMClientB", "demo\SabatexBlazorDemo.WASMClientB\SabatexBlazorDemo.WASMClientB.csproj", "{0F6765D5-BE47-495B-B3ED-764756B0BD21}"
EndProject
Global
	GlobalSection(SolutionConfigurationPlatforms) = preSolution
		Debug|Any CPU = Debug|Any CPU
		Debug|x64 = Debug|x64
		Debug|x86 = Debug|x86
		Release|Any CPU = Release|Any CPU
		Release|x64 = Release|x64
		Release|x86 = Release|x86
	EndGlobalSection
	GlobalSection(ProjectConfigurationPlatforms) = postSolution
		{5D7044CF-3DEE-0EAC-3BEB-7013DB460D19}.Debug|Any CPU.ActiveCfg = Debug|Any CPU
		{5D7044CF-3DEE-0EAC-3BEB-7013DB460D19}.Debug|Any CPU.Build.0 = Debug|Any CPU
		{5D7044CF-3DEE-0EAC-3BEB-7013DB460D19}.Debug|x64.ActiveCfg = Debug|Any CPU
		{5D7044CF-3DEE-0EAC-3BEB-7013DB460D19}.Debug|x64.Build.0 = Debug|Any CPU
		{5D7044CF-3DEE-0EAC-3BEB-7013DB460D19}.Debug|x86.ActiveCfg = Debug|Any CPU
		{5D7044CF-3DEE-0EAC-3BEB-7013DB460D19}.Debug|x86.Build.0 = Debug|Any CPU
		{5D7044CF-3DEE-0EAC-3BEB-7013DB460D19}.Release|Any CPU.ActiveCfg = Release|Any CPU
		{5D7044CF-3DEE-0EAC-3BEB-7013DB460D19}.Release|Any CPU.Build.0 = Release|Any CPU
		{5D7044CF-3DEE-0EAC-3BEB-7013DB460D19}.Release|x64.ActiveCfg = Release|Any CPU
		{5D7044CF-3DEE-0EAC-3BEB-7013DB460D19}.Release|x64.Build.0 = Release|Any CPU
		{5D7044CF-3DEE-0EAC-3BEB-7013DB460D19}.Release|x86.ActiveCfg = Release|Any CPU
		{5D7044CF-3DEE-0EAC-3BEB-7013DB460D19}.Release|x86.Build.0 = Release|Any CPU
		{9F9C46A7-1404-FEEA-2D83-C44B8F59653C}.Debug|Any CPU.ActiveCfg = Debug|Any CPU
		{9F9C46A7-1404-FEEA-2D83-C44B8F59653C}.Debug|Any CPU.Build.0 = Debug|Any CPU
		{9F9C46A7-1404-FEEA-2D83-C44B8F59653C}.Debug|x64.ActiveCfg = Debug|Any CPU
		{9F9C46A7-1404-FEEA-2D83-C44B8F59653C}.Debug|x64.Build.0 = Debug|Any CPU
		{9F9C46A7-1404-FEEA-2D83-C44B8F59653C}.Debug|x86.ActiveCfg = Debug|Any CPU
		{9F9C46A7-1404-FEEA-2D83-C44B8F59653C}.Debug|x86.Build.0 = Debug|Any CPU
		{9F9C46A7-1404-FEEA-2D83-C44B8F59653C}.Release|Any CPU.ActiveCfg = Release|Any CPU
		{9F9C46A7-1404-FEEA-2D83-C44B8F59653C}.Release|Any CPU.Build.0 = Release|Any CPU
		{9F9C46A7-1404-FEEA-2D83-C44B8F59653C}.Release|x64.ActiveCfg = Release|Any CPU
		{9F9C46A7-1404-FEEA-2D83-C44B8F59653C}.Release|x64.Build.0 = Release|Any CPU
		{9F9C46A7-1404-FEEA-2D83-C44B8F59653C}.Release|x86.ActiveCfg = Release|Any CPU
		{9F9C46A7-1404-FEEA-2D83-C44B8F59653C}.Release|x86.Build.0 = Release|Any CPU
		{FC722EE1-F65D-1F4F-54A0-B5A005E3BDC1}.Debug|Any CPU.ActiveCfg = Debug|Any CPU
		{FC722EE1-F65D-1F4F-54A0-B5A005E3BDC1}.Debug|Any CPU.Build.0 = Debug|Any CPU
		{FC722EE1-F65D-1F4F-54A0-B5A005E3BDC1}.Debug|x64.ActiveCfg = Debug|Any CPU
		{FC722EE1-F65D-1F4F-54A0-B5A005E3BDC1}.Debug|x64.Build.0 = Debug|Any CPU
		{FC722EE1-F65D-1F4F-54A0-B5A005E3BDC1}.Debug|x86.ActiveCfg = Debug|Any CPU
		{FC722EE1-F65D-1F4F-54A0-B5A005E3BDC1}.Debug|x86.Build.0 = Debug|Any CPU
		{FC722EE1-F65D-1F4F-54A0-B5A005E3BDC1}.Release|Any CPU.ActiveCfg = Release|Any CPU
		{FC722EE1-F65D-1F4F-54A0-B5A005E3BDC1}.Release|Any CPU.Build.0 = Release|Any CPU
		{FC722EE1-F65D-1F4F-54A0-B5A005E3BDC1}.Release|x64.ActiveCfg = Release|Any CPU
		{FC722EE1-F65D-1F4F-54A0-B5A005E3BDC1}.Release|x64.Build.0 = Release|Any CPU
		{FC722EE1-F65D-1F4F-54A0-B5A005E3BDC1}.Release|x86.ActiveCfg = Release|Any CPU
		{FC722EE1-F65D-1F4F-54A0-B5A005E3BDC1}.Release|x86.Build.0 = Release|Any CPU
		{994CC13E-8C34-4A08-8AC8-FC5451902CA2}.Debug|Any CPU.ActiveCfg = Debug|Any CPU
		{994CC13E-8C34-4A08-8AC8-FC5451902CA2}.Debug|Any CPU.Build.0 = Debug|Any CPU
		{994CC13E-8C34-4A08-8AC8-FC5451902CA2}.Debug|x64.ActiveCfg = Debug|Any CPU
		{994CC13E-8C34-4A08-8AC8-FC5451902CA2}.Debug|x64.Build.0 = Debug|Any CPU
		{994CC13E-8C34-4A08-8AC8-FC5451902CA2}.Debug|x86.ActiveCfg = Debug|Any CPU
		{994CC13E-8C34-4A08-8AC8-FC5451902CA2}.Debug|x86.Build.0 = Debug|Any CPU
		{994CC13E-8C34-4A08-8AC8-FC5451902CA2}.Release|Any CPU.ActiveCfg = Release|Any CPU
		{994CC13E-8C34-4A08-8AC8-FC5451902CA2}.Release|Any CPU.Build.0 = Release|Any CPU
		{994CC13E-8C34-4A08-8AC8-FC5451902CA2}.Release|x64.ActiveCfg = Release|Any CPU
		{994CC13E-8C34-4A08-8AC8-FC5451902CA2}.Release|x64.Build.0 = Release|Any CPU
		{994CC13E-8C34-4A08-8AC8-FC5451902CA2}.Release|x86.ActiveCfg = Release|Any CPU
		{994CC13E-8C34-4A08-8AC8-FC5451902CA2}.Release|x86.Build.0 = Release|Any CPU
		{3B1F0D3A-F00F-41C6-941E-70623D54A975}.Debug|Any CPU.ActiveCfg = Debug|Any CPU
		{3B1F0D3A-F00F-41C6-941E-70623D54A975}.Debug|Any CPU.Build.0 = Debug|Any CPU
		{3B1F0D3A-F00F-41C6-941E-70623D54A975}.Debug|x64.ActiveCfg = Debug|Any CPU
		{3B1F0D3A-F00F-41C6-941E-70623D54A975}.Debug|x64.Build.0 = Debug|Any CPU
		{3B1F0D3A-F00F-41C6-941E-70623D54A975}.Debug|x86.ActiveCfg = Debug|Any CPU
		{3B1F0D3A-F00F-41C6-941E-70623D54A975}.Debug|x86.Build.0 = Debug|Any CPU
		{3B1F0D3A-F00F-41C6-941E-70623D54A975}.Release|Any CPU.ActiveCfg = Release|Any CPU
		{3B1F0D3A-F00F-41C6-941E-70623D54A975}.Release|Any CPU.Build.0 = Release|Any CPU
		{3B1F0D3A-F00F-41C6-941E-70623D54A975}.Release|x64.ActiveCfg = Release|Any CPU
		{3B1F0D3A-F00F-41C6-941E-70623D54A975}.Release|x64.Build.0 = Release|Any CPU
		{3B1F0D3A-F00F-41C6-941E-70623D54A975}.Release|x86.ActiveCfg = Release|Any CPU
		{3B1F0D3A-F00F-41C6-941E-70623D54A975}.Release|x86.Build.0 = Release|Any CPU
		{E81A8023-932A-4516-A4A7-8D17DF8B8E18}.Debug|Any CPU.ActiveCfg = Debug|Any CPU
		{E81A8023-932A-4516-A4A7-8D17DF8B8E18}.Debug|Any CPU.Build.0 = Debug|Any CPU
		{E81A8023-932A-4516-A4A7-8D17DF8B8E18}.Debug|x64.ActiveCfg = Debug|Any CPU
		{E81A8023-932A-4516-A4A7-8D17DF8B8E18}.Debug|x64.Build.0 = Debug|Any CPU
		{E81A8023-932A-4516-A4A7-8D17DF8B8E18}.Debug|x86.ActiveCfg = Debug|Any CPU
		{E81A8023-932A-4516-A4A7-8D17DF8B8E18}.Debug|x86.Build.0 = Debug|Any CPU
		{E81A8023-932A-4516-A4A7-8D17DF8B8E18}.Release|Any CPU.ActiveCfg = Release|Any CPU
		{E81A8023-932A-4516-A4A7-8D17DF8B8E18}.Release|Any CPU.Build.0 = Release|Any CPU
		{E81A8023-932A-4516-A4A7-8D17DF8B8E18}.Release|x64.ActiveCfg = Release|Any CPU
		{E81A8023-932A-4516-A4A7-8D17DF8B8E18}.Release|x64.Build.0 = Release|Any CPU
		{E81A8023-932A-4516-A4A7-8D17DF8B8E18}.Release|x86.ActiveCfg = Release|Any CPU
		{E81A8023-932A-4516-A4A7-8D17DF8B8E18}.Release|x86.Build.0 = Release|Any CPU
		{0D173045-4CCC-48A8-A4D9-270F9C131BC8}.Debug|Any CPU.ActiveCfg = Debug|Any CPU
		{0D173045-4CCC-48A8-A4D9-270F9C131BC8}.Debug|Any CPU.Build.0 = Debug|Any CPU
		{0D173045-4CCC-48A8-A4D9-270F9C131BC8}.Debug|x64.ActiveCfg = Debug|Any CPU
		{0D173045-4CCC-48A8-A4D9-270F9C131BC8}.Debug|x64.Build.0 = Debug|Any CPU
		{0D173045-4CCC-48A8-A4D9-270F9C131BC8}.Debug|x86.ActiveCfg = Debug|Any CPU
		{0D173045-4CCC-48A8-A4D9-270F9C131BC8}.Debug|x86.Build.0 = Debug|Any CPU
		{0D173045-4CCC-48A8-A4D9-270F9C131BC8}.Release|Any CPU.ActiveCfg = Release|Any CPU
		{0D173045-4CCC-48A8-A4D9-270F9C131BC8}.Release|Any CPU.Build.0 = Release|Any CPU
		{0D173045-4CCC-48A8-A4D9-270F9C131BC8}.Release|x64.ActiveCfg = Release|Any CPU
		{0D173045-4CCC-48A8-A4D9-270F9C131BC8}.Release|x64.Build.0 = Release|Any CPU
		{0D173045-4CCC-48A8-A4D9-270F9C131BC8}.Release|x86.ActiveCfg = Release|Any CPU
		{0D173045-4CCC-48A8-A4D9-270F9C131BC8}.Release|x86.Build.0 = Release|Any CPU
		{28DB29B8-9A8E-4638-AC0F-6A9783ED009B}.Debug|Any CPU.ActiveCfg = Debug|Any CPU
		{28DB29B8-9A8E-4638-AC0F-6A9783ED009B}.Debug|Any CPU.Build.0 = Debug|Any CPU
		{28DB29B8-9A8E-4638-AC0F-6A9783ED009B}.Debug|x64.ActiveCfg = Debug|Any CPU
		{28DB29B8-9A8E-4638-AC0F-6A9783ED009B}.Debug|x64.Build.0 = Debug|Any CPU
		{28DB29B8-9A8E-4638-AC0F-6A9783ED009B}.Debug|x86.ActiveCfg = Debug|Any CPU
		{28DB29B8-9A8E-4638-AC0F-6A9783ED009B}.Debug|x86.Build.0 = Debug|Any CPU
		{28DB29B8-9A8E-4638-AC0F-6A9783ED009B}.Release|Any CPU.ActiveCfg = Release|Any CPU
		{28DB29B8-9A8E-4638-AC0F-6A9783ED009B}.Release|Any CPU.Build.0 = Release|Any CPU
		{28DB29B8-9A8E-4638-AC0F-6A9783ED009B}.Release|x64.ActiveCfg = Release|Any CPU
		{28DB29B8-9A8E-4638-AC0F-6A9783ED009B}.Release|x64.Build.0 = Release|Any CPU
		{28DB29B8-9A8E-4638-AC0F-6A9783ED009B}.Release|x86.ActiveCfg = Release|Any CPU
		{28DB29B8-9A8E-4638-AC0F-6A9783ED009B}.Release|x86.Build.0 = Release|Any CPU
		{D5B96D09-3CF0-4761-90F6-80806D8EE582}.Debug|Any CPU.ActiveCfg = Debug|Any CPU
		{D5B96D09-3CF0-4761-90F6-80806D8EE582}.Debug|Any CPU.Build.0 = Debug|Any CPU
		{D5B96D09-3CF0-4761-90F6-80806D8EE582}.Debug|x64.ActiveCfg = Debug|Any CPU
		{D5B96D09-3CF0-4761-90F6-80806D8EE582}.Debug|x64.Build.0 = Debug|Any CPU
		{D5B96D09-3CF0-4761-90F6-80806D8EE582}.Debug|x86.ActiveCfg = Debug|Any CPU
		{D5B96D09-3CF0-4761-90F6-80806D8EE582}.Debug|x86.Build.0 = Debug|Any CPU
		{D5B96D09-3CF0-4761-90F6-80806D8EE582}.Release|Any CPU.ActiveCfg = Release|Any CPU
		{D5B96D09-3CF0-4761-90F6-80806D8EE582}.Release|Any CPU.Build.0 = Release|Any CPU
		{D5B96D09-3CF0-4761-90F6-80806D8EE582}.Release|x64.ActiveCfg = Release|Any CPU
		{D5B96D09-3CF0-4761-90F6-80806D8EE582}.Release|x64.Build.0 = Release|Any CPU
		{D5B96D09-3CF0-4761-90F6-80806D8EE582}.Release|x86.ActiveCfg = Release|Any CPU
		{D5B96D09-3CF0-4761-90F6-80806D8EE582}.Release|x86.Build.0 = Release|Any CPU
		{FB9DA578-81BF-49A4-B2C8-4E172D743D38}.Debug|Any CPU.ActiveCfg = Debug|Any CPU
		{FB9DA578-81BF-49A4-B2C8-4E172D743D38}.Debug|Any CPU.Build.0 = Debug|Any CPU
		{FB9DA578-81BF-49A4-B2C8-4E172D743D38}.Debug|x64.ActiveCfg = Debug|Any CPU
		{FB9DA578-81BF-49A4-B2C8-4E172D743D38}.Debug|x64.Build.0 = Debug|Any CPU
		{FB9DA578-81BF-49A4-B2C8-4E172D743D38}.Debug|x86.ActiveCfg = Debug|Any CPU
		{FB9DA578-81BF-49A4-B2C8-4E172D743D38}.Debug|x86.Build.0 = Debug|Any CPU
		{FB9DA578-81BF-49A4-B2C8-4E172D743D38}.Release|Any CPU.ActiveCfg = Release|Any CPU
		{FB9DA578-81BF-49A4-B2C8-4E172D743D38}.Release|Any CPU.Build.0 = Release|Any CPU
		{FB9DA578-81BF-49A4-B2C8-4E172D743D38}.Release|x64.ActiveCfg = Release|Any CPU
		{FB9DA578-81BF-49A4-B2C8-4E172D743D38}.Release|x64.Build.0 = Release|Any CPU
		{FB9DA578-81BF-49A4-B2C8-4E172D743D38}.Release|x86.ActiveCfg = Release|Any CPU
		{FB9DA578-81BF-49A4-B2C8-4E172D743D38}.Release|x86.Build.0 = Release|Any CPU
		{0E66A026-7ED6-4D44-B64C-6D186A639292}.Debug|Any CPU.ActiveCfg = Debug|Any CPU
		{0E66A026-7ED6-4D44-B64C-6D186A639292}.Debug|Any CPU.Build.0 = Debug|Any CPU
		{0E66A026-7ED6-4D44-B64C-6D186A639292}.Debug|x64.ActiveCfg = Debug|Any CPU
		{0E66A026-7ED6-4D44-B64C-6D186A639292}.Debug|x64.Build.0 = Debug|Any CPU
		{0E66A026-7ED6-4D44-B64C-6D186A639292}.Debug|x86.ActiveCfg = Debug|Any CPU
		{0E66A026-7ED6-4D44-B64C-6D186A639292}.Debug|x86.Build.0 = Debug|Any CPU
		{0E66A026-7ED6-4D44-B64C-6D186A639292}.Release|Any CPU.ActiveCfg = Release|Any CPU
		{0E66A026-7ED6-4D44-B64C-6D186A639292}.Release|Any CPU.Build.0 = Release|Any CPU
		{0E66A026-7ED6-4D44-B64C-6D186A639292}.Release|x64.ActiveCfg = Release|Any CPU
		{0E66A026-7ED6-4D44-B64C-6D186A639292}.Release|x64.Build.0 = Release|Any CPU
		{0E66A026-7ED6-4D44-B64C-6D186A639292}.Release|x86.ActiveCfg = Release|Any CPU
		{0E66A026-7ED6-4D44-B64C-6D186A639292}.Release|x86.Build.0 = Release|Any CPU
		{D18AB727-83B9-4354-8BD9-2C6F2E773B5D}.Debug|Any CPU.ActiveCfg = Debug|Any CPU
		{D18AB727-83B9-4354-8BD9-2C6F2E773B5D}.Debug|Any CPU.Build.0 = Debug|Any CPU
		{D18AB727-83B9-4354-8BD9-2C6F2E773B5D}.Debug|x64.ActiveCfg = Debug|Any CPU
		{D18AB727-83B9-4354-8BD9-2C6F2E773B5D}.Debug|x64.Build.0 = Debug|Any CPU
		{D18AB727-83B9-4354-8BD9-2C6F2E773B5D}.Debug|x86.ActiveCfg = Debug|Any CPU
		{D18AB727-83B9-4354-8BD9-2C6F2E773B5D}.Debug|x86.Build.0 = Debug|Any CPU
		{D18AB727-83B9-4354-8BD9-2C6F2E773B5D}.Release|Any CPU.ActiveCfg = Release|Any CPU
		{D18AB727-83B9-4354-8BD9-2C6F2E773B5D}.Release|Any CPU.Build.0 = Release|Any CPU
		{D18AB727-83B9-4354-8BD9-2C6F2E773B5D}.Release|x64.ActiveCfg = Release|Any CPU
		{D18AB727-83B9-4354-8BD9-2C6F2E773B5D}.Release|x64.Build.0 = Release|Any CPU
		{D18AB727-83B9-4354-8BD9-2C6F2E773B5D}.Release|x86.ActiveCfg = Release|Any CPU
		{D18AB727-83B9-4354-8BD9-2C6F2E773B5D}.Release|x86.Build.0 = Release|Any CPU
		{C579C5F2-8400-4842-96CE-80B2929A343A}.Debug|Any CPU.ActiveCfg = Debug|Any CPU
		{C579C5F2-8400-4842-96CE-80B2929A343A}.Debug|Any CPU.Build.0 = Debug|Any CPU
		{C579C5F2-8400-4842-96CE-80B2929A343A}.Debug|x64.ActiveCfg = Debug|Any CPU
		{C579C5F2-8400-4842-96CE-80B2929A343A}.Debug|x64.Build.0 = Debug|Any CPU
		{C579C5F2-8400-4842-96CE-80B2929A343A}.Debug|x86.ActiveCfg = Debug|Any CPU
		{C579C5F2-8400-4842-96CE-80B2929A343A}.Debug|x86.Build.0 = Debug|Any CPU
		{C579C5F2-8400-4842-96CE-80B2929A343A}.Release|Any CPU.ActiveCfg = Release|Any CPU
		{C579C5F2-8400-4842-96CE-80B2929A343A}.Release|Any CPU.Build.0 = Release|Any CPU
		{C579C5F2-8400-4842-96CE-80B2929A343A}.Release|x64.ActiveCfg = Release|Any CPU
		{C579C5F2-8400-4842-96CE-80B2929A343A}.Release|x64.Build.0 = Release|Any CPU
		{C579C5F2-8400-4842-96CE-80B2929A343A}.Release|x86.ActiveCfg = Release|Any CPU
		{C579C5F2-8400-4842-96CE-80B2929A343A}.Release|x86.Build.0 = Release|Any CPU
		{F9A802CA-9527-4BF8-BE39-780E3BC0A826}.Debug|Any CPU.ActiveCfg = Debug|Any CPU
		{F9A802CA-9527-4BF8-BE39-780E3BC0A826}.Debug|Any CPU.Build.0 = Debug|Any CPU
		{F9A802CA-9527-4BF8-BE39-780E3BC0A826}.Debug|x64.ActiveCfg = Debug|Any CPU
		{F9A802CA-9527-4BF8-BE39-780E3BC0A826}.Debug|x64.Build.0 = Debug|Any CPU
		{F9A802CA-9527-4BF8-BE39-780E3BC0A826}.Debug|x86.ActiveCfg = Debug|Any CPU
		{F9A802CA-9527-4BF8-BE39-780E3BC0A826}.Debug|x86.Build.0 = Debug|Any CPU
		{F9A802CA-9527-4BF8-BE39-780E3BC0A826}.Release|Any CPU.ActiveCfg = Release|Any CPU
		{F9A802CA-9527-4BF8-BE39-780E3BC0A826}.Release|Any CPU.Build.0 = Release|Any CPU
		{F9A802CA-9527-4BF8-BE39-780E3BC0A826}.Release|x64.ActiveCfg = Release|Any CPU
		{F9A802CA-9527-4BF8-BE39-780E3BC0A826}.Release|x64.Build.0 = Release|Any CPU
		{F9A802CA-9527-4BF8-BE39-780E3BC0A826}.Release|x86.ActiveCfg = Release|Any CPU
		{F9A802CA-9527-4BF8-BE39-780E3BC0A826}.Release|x86.Build.0 = Release|Any CPU
		{841A8529-81EB-44CD-9252-4F877F47D638}.Debug|Any CPU.ActiveCfg = Debug|Any CPU
		{841A8529-81EB-44CD-9252-4F877F47D638}.Debug|Any CPU.Build.0 = Debug|Any CPU
		{841A8529-81EB-44CD-9252-4F877F47D638}.Debug|x64.ActiveCfg = Debug|Any CPU
		{841A8529-81EB-44CD-9252-4F877F47D638}.Debug|x64.Build.0 = Debug|Any CPU
		{841A8529-81EB-44CD-9252-4F877F47D638}.Debug|x86.ActiveCfg = Debug|Any CPU
		{841A8529-81EB-44CD-9252-4F877F47D638}.Debug|x86.Build.0 = Debug|Any CPU
		{841A8529-81EB-44CD-9252-4F877F47D638}.Release|Any CPU.ActiveCfg = Release|Any CPU
		{841A8529-81EB-44CD-9252-4F877F47D638}.Release|Any CPU.Build.0 = Release|Any CPU
		{841A8529-81EB-44CD-9252-4F877F47D638}.Release|x64.ActiveCfg = Release|Any CPU
		{841A8529-81EB-44CD-9252-4F877F47D638}.Release|x64.Build.0 = Release|Any CPU
		{841A8529-81EB-44CD-9252-4F877F47D638}.Release|x86.ActiveCfg = Release|Any CPU
		{841A8529-81EB-44CD-9252-4F877F47D638}.Release|x86.Build.0 = Release|Any CPU
		{C8809210-42DA-4DB1-AC59-2E5B306DFA2D}.Debug|Any CPU.ActiveCfg = Debug|Any CPU
		{C8809210-42DA-4DB1-AC59-2E5B306DFA2D}.Debug|Any CPU.Build.0 = Debug|Any CPU
		{C8809210-42DA-4DB1-AC59-2E5B306DFA2D}.Debug|x64.ActiveCfg = Debug|Any CPU
		{C8809210-42DA-4DB1-AC59-2E5B306DFA2D}.Debug|x64.Build.0 = Debug|Any CPU
		{C8809210-42DA-4DB1-AC59-2E5B306DFA2D}.Debug|x86.ActiveCfg = Debug|Any CPU
		{C8809210-42DA-4DB1-AC59-2E5B306DFA2D}.Debug|x86.Build.0 = Debug|Any CPU
		{C8809210-42DA-4DB1-AC59-2E5B306DFA2D}.Release|Any CPU.ActiveCfg = Release|Any CPU
		{C8809210-42DA-4DB1-AC59-2E5B306DFA2D}.Release|Any CPU.Build.0 = Release|Any CPU
		{C8809210-42DA-4DB1-AC59-2E5B306DFA2D}.Release|x64.ActiveCfg = Release|Any CPU
		{C8809210-42DA-4DB1-AC59-2E5B306DFA2D}.Release|x64.Build.0 = Release|Any CPU
		{C8809210-42DA-4DB1-AC59-2E5B306DFA2D}.Release|x86.ActiveCfg = Release|Any CPU
		{C8809210-42DA-4DB1-AC59-2E5B306DFA2D}.Release|x86.Build.0 = Release|Any CPU
		{0F6765D5-BE47-495B-B3ED-764756B0BD21}.Debug|Any CPU.ActiveCfg = Debug|Any CPU
		{0F6765D5-BE47-495B-B3ED-764756B0BD21}.Debug|Any CPU.Build.0 = Debug|Any CPU
		{0F6765D5-BE47-495B-B3ED-764756B0BD21}.Debug|x64.ActiveCfg = Debug|Any CPU
		{0F6765D5-BE47-495B-B3ED-764756B0BD21}.Debug|x64.Build.0 = Debug|Any CPU
		{0F6765D5-BE47-495B-B3ED-764756B0BD21}.Debug|x86.ActiveCfg = Debug|Any CPU
		{0F6765D5-BE47-495B-B3ED-764756B0BD21}.Debug|x86.Build.0 = Debug|Any CPU
		{0F6765D5-BE47-495B-B3ED-764756B0BD21}.Release|Any CPU.ActiveCfg = Release|Any CPU
		{0F6765D5-BE47-495B-B3ED-764756B0BD21}.Release|Any CPU.Build.0 = Release|Any CPU
		{0F6765D5-BE47-495B-B3ED-764756B0BD21}.Release|x64.ActiveCfg = Release|Any CPU
		{0F6765D5-BE47-495B-B3ED-764756B0BD21}.Release|x64.Build.0 = Release|Any CPU
		{0F6765D5-BE47-495B-B3ED-764756B0BD21}.Release|x86.ActiveCfg = Release|Any CPU
		{0F6765D5-BE47-495B-B3ED-764756B0BD21}.Release|x86.Build.0 = Release|Any CPU
	EndGlobalSection
	GlobalSection(SolutionProperties) = preSolution
		HideSolutionNode = FALSE
	EndGlobalSection
	GlobalSection(NestedProjects) = preSolution
		{5D7044CF-3DEE-0EAC-3BEB-7013DB460D19} = {827E0CD3-B72D-47B6-A68D-7590B98EB39B}
		{9F9C46A7-1404-FEEA-2D83-C44B8F59653C} = {0D340A53-D8AA-46CF-B301-6451CD474049}
		{FC722EE1-F65D-1F4F-54A0-B5A005E3BDC1} = {827E0CD3-B72D-47B6-A68D-7590B98EB39B}
		{994CC13E-8C34-4A08-8AC8-FC5451902CA2} = {827E0CD3-B72D-47B6-A68D-7590B98EB39B}
		{3B1F0D3A-F00F-41C6-941E-70623D54A975} = {827E0CD3-B72D-47B6-A68D-7590B98EB39B}
		{E81A8023-932A-4516-A4A7-8D17DF8B8E18} = {827E0CD3-B72D-47B6-A68D-7590B98EB39B}
		{0D173045-4CCC-48A8-A4D9-270F9C131BC8} = {827E0CD3-B72D-47B6-A68D-7590B98EB39B}
		{28DB29B8-9A8E-4638-AC0F-6A9783ED009B} = {827E0CD3-B72D-47B6-A68D-7590B98EB39B}
		{D5B96D09-3CF0-4761-90F6-80806D8EE582} = {827E0CD3-B72D-47B6-A68D-7590B98EB39B}
		{FB9DA578-81BF-49A4-B2C8-4E172D743D38} = {0D340A53-D8AA-46CF-B301-6451CD474049}
		{0E66A026-7ED6-4D44-B64C-6D186A639292} = {827E0CD3-B72D-47B6-A68D-7590B98EB39B}
		{D18AB727-83B9-4354-8BD9-2C6F2E773B5D} = {827E0CD3-B72D-47B6-A68D-7590B98EB39B}
		{C579C5F2-8400-4842-96CE-80B2929A343A} = {A39C23D2-F2C0-258D-165A-CF1E7FEE6E7B}
		{F9A802CA-9527-4BF8-BE39-780E3BC0A826} = {A39C23D2-F2C0-258D-165A-CF1E7FEE6E7B}
		{841A8529-81EB-44CD-9252-4F877F47D638} = {A39C23D2-F2C0-258D-165A-CF1E7FEE6E7B}
		{C8809210-42DA-4DB1-AC59-2E5B306DFA2D} = {A39C23D2-F2C0-258D-165A-CF1E7FEE6E7B}
		{0F6765D5-BE47-495B-B3ED-764756B0BD21} = {A39C23D2-F2C0-258D-165A-CF1E7FEE6E7B}
	EndGlobalSection
	GlobalSection(ExtensibilityGlobals) = postSolution
		SolutionGuid = {867279D4-3A58-4403-AF90-072696586C2C}
	EndGlobalSection
EndGlobal
